PODS:
  - ActiveLabel (1.1.0)
  - Alamofire (5.9.1)
  - IBAnimatable (6.1.0)
  - IQKeyboardCore (1.0.5)
  - IQKeyboardManagerSwift (7.2.0):
    - IQKeyboardManagerSwift/Appearance (= 7.2.0)
    - IQKeyboardManagerSwift/Core (= 7.2.0)
    - IQKeyboardManagerSwift/IQKeyboardReturnKeyHandler (= 7.2.0)
    - IQKeyboardManagerSwift/IQKeyboardToolbarManager (= 7.2.0)
    - IQKeyboardManagerSwift/IQTextView (= 7.2.0)
    - IQKeyboardManagerSwift/Resign (= 7.2.0)
    - IQKeyboardNotification (= 1.0.3)
    - IQTextInputViewNotification (= 1.0.5)
  - IQKeyboardManagerSwift/Appearance (7.2.0):
    - IQKeyboardManagerSwift/Core
    - IQKeyboardNotification (= 1.0.3)
    - IQTextInputViewNotification (= 1.0.5)
  - IQKeyboardManagerSwift/Core (7.2.0):
    - IQKeyboardNotification (= 1.0.3)
    - IQTextInputViewNotification (= 1.0.5)
  - IQKeyboardManagerSwift/IQKeyboardReturnKeyHandler (7.2.0):
    - IQKeyboardNotification (= 1.0.3)
    - IQTextInputViewNotification (= 1.0.5)
  - IQKeyboardManagerSwift/IQKeyboardToolbarManager (7.2.0):
    - IQKeyboardManagerSwift/Core
    - IQKeyboardManagerSwift/IQKeyboardToolbarManager/IQKeyboardToolbar (= 7.2.0)
    - IQKeyboardNotification (= 1.0.3)
    - IQTextInputViewNotification (= 1.0.5)
  - IQKeyboardManagerSwift/IQKeyboardToolbarManager/IQKeyboardToolbar (7.2.0):
    - IQKeyboardManagerSwift/Core
    - IQKeyboardNotification (= 1.0.3)
    - IQTextInputViewNotification (= 1.0.5)
  - IQKeyboardManagerSwift/IQTextView (7.2.0):
    - IQKeyboardManagerSwift/IQKeyboardToolbarManager/IQKeyboardToolbar
    - IQKeyboardNotification (= 1.0.3)
    - IQTextInputViewNotification (= 1.0.5)
  - IQKeyboardManagerSwift/Resign (7.2.0):
    - IQKeyboardManagerSwift/Core
    - IQKeyboardNotification (= 1.0.3)
    - IQTextInputViewNotification (= 1.0.5)
  - IQKeyboardNotification (1.0.3)
  - IQTextInputViewNotification (1.0.5):
    - IQKeyboardCore (= 1.0.5)
  - SDWebImage (5.19.6):
    - SDWebImage/Core (= 5.19.6)
  - SDWebImage/Core (5.19.6)
  - SVProgressHUD (2.3.1):
    - SVProgressHUD/Core (= 2.3.1)
  - SVProgressHUD/Core (2.3.1)
  - SwiftyJSON (5.0.2)

DEPENDENCIES:
  - ActiveLabel
  - Alamofire
  - IBAnimatable
  - IQKeyboardManagerSwift (from `https://github.com/hackiftekhar/IQKeyboardManager`)
  - SDWebImage
  - SVProgressHUD
  - SwiftyJSON

SPEC REPOS:
  trunk:
    - ActiveLabel
    - Alamofire
    - IBAnimatable
    - IQKeyboardCore
    - IQKeyboardNotification
    - IQTextInputViewNotification
    - SDWebImage
    - SVProgressHUD
    - SwiftyJSON

EXTERNAL SOURCES:
  IQKeyboardManagerSwift:
    :git: https://github.com/hackiftekhar/IQKeyboardManager

CHECKOUT OPTIONS:
  IQKeyboardManagerSwift:
    :commit: bb17076711e4b0cf7fb94fca60ae6dd4a603f076
    :git: https://github.com/hackiftekhar/IQKeyboardManager

SPEC CHECKSUMS:
  ActiveLabel: 5e3f4de79a1952d4604b845a0610d4776e4b82b3
  Alamofire: f36a35757af4587d8e4f4bfa223ad10be2422b8c
  IBAnimatable: 99dddd4c0625884a301ba3ecbc1615f8a390368e
  IQKeyboardCore: 28c8bf3bcd8ba5aa1570b318cbc4da94b861711e
  IQKeyboardManagerSwift: 12d6ae3632ef744ccd033c048b566af13cc10d49
  IQKeyboardNotification: d7382c4466c5a5adef92c7452ebf861b36050088
  IQTextInputViewNotification: 4381fb828881983205fbee38f17da8a9fe2e835c
  SDWebImage: a79252b60f4678812d94316c91da69ec83089c9f
  SVProgressHUD: 4837c74bdfe2e51e8821c397825996a8d7de6e22
  SwiftyJSON: f5b1bf1cd8dd53cd25887ac0eabcfd92301c6a5a

PODFILE CHECKSUM: 2a524b93baeca69ab418fafa6265a8f25018e100

COCOAPODS: 1.16.0
